
Microsoft Visual Studio Solution File, Format Version 12.00
# Visual Studio 15
VisualStudioVersion = 15.0.27130.2027
MinimumVisualStudioVersion = 10.0.40219.1
Project("{FAE04EC0-301F-11D3-BF4B-00C04F79EFBC}") = "ExtensionMethods", "ExtensionMethods\ExtensionMethods.csproj", "{E298686E-0E6F-40B0-BD7E-B158A7E5C2B5}"
EndProject
Global
	GlobalSection(SolutionConfigurationPlatforms) = preSolution
		Debug|Any CPU = Debug|Any CPU
		Release|Any CPU = Release|Any CPU
	EndGlobalSection
	GlobalSection(ProjectConfigurationPlatforms) = postSolution
		{E298686E-0E6F-40B0-BD7E-B158A7E5C2B5}.Debug|Any CPU.ActiveCfg = Debug|Any CPU
		{E298686E-0E6F-40B0-BD7E-B158A7E5C2B5}.Debug|Any CPU.Build.0 = Debug|Any CPU
		{E298686E-0E6F-40B0-BD7E-B158A7E5C2B5}.Release|Any CPU.ActiveCfg = Release|Any CPU
		{E298686E-0E6F-40B0-BD7E-B158A7E5C2B5}.Release|Any CPU.Build.0 = Release|Any CPU
	EndGlobalSection
	GlobalSection(SolutionProperties) = preSolution
		HideSolutionNode = FALSE
	EndGlobalSection
	GlobalSection(ExtensibilityGlobals) = postSolution
		SolutionGuid = {4BB344DF-8E46-473E-9D1A-8AD092428E1C}
	EndGlobalSection
EndGlobal
